// !$*UTF8*$!
{
	archiveVersion = 1;
	classes = {
	};
	objectVersion = 56;
	objects = {

/* Begin PBXBuildFile section */
		0A0781912BE2B53B00962EEC /* ForgotPasswordViewController.swift in Sources */ = {isa = PBXBuildFile; fileRef = 0A0781902BE2B53B00962EEC /* ForgotPasswordViewController.swift */; };
		0A0781952BE2BCD400962EEC /* HomeViewController.swift in Sources */ = {isa = PBXBuildFile; fileRef = 0A0781942BE2BCD400962EEC /* HomeViewController.swift */; };
		0A0781982BE2BCFB00962EEC /* HistoryViewController.swift in Sources */ = {isa = PBXBuildFile; fileRef = 0A0781972BE2BCFB00962EEC /* HistoryViewController.swift */; };
		0A07819C2BE2BD1100962EEC /* ChatViewController.swift in Sources */ = {isa = PBXBuildFile; fileRef = 0A07819B2BE2BD1100962EEC /* ChatViewController.swift */; };
		0A07819E2BE2BD1800962EEC /* ProfileViewController.swift in Sources */ = {isa = PBXBuildFile; fileRef = 0A07819D2BE2BD1800962EEC /* ProfileViewController.swift */; };
		0A0781A02BE2BE0900962EEC /* TabbarViewController.swift in Sources */ = {isa = PBXBuildFile; fileRef = 0A07819F2BE2BE0900962EEC /* TabbarViewController.swift */; };
		0A0781A22BE2BFB100962EEC /* FilterViewController.swift in Sources */ = {isa = PBXBuildFile; fileRef = 0A0781A12BE2BFB100962EEC /* FilterViewController.swift */; };
		0A8D496A2BEB56A2005223FC /* ResetPasswordViewController.swift in Sources */ = {isa = PBXBuildFile; fileRef = 0A8D49692BEB56A2005223FC /* ResetPasswordViewController.swift */; };
		0A8D496C2BEB57FD005223FC /* ContactUsViewController.swift in Sources */ = {isa = PBXBuildFile; fileRef = 0A8D496B2BEB57FD005223FC /* ContactUsViewController.swift */; };
		0A8D496E2BEB5C2A005223FC /* PrivacyPolicyViewController.swift in Sources */ = {isa = PBXBuildFile; fileRef = 0A8D496D2BEB5C2A005223FC /* PrivacyPolicyViewController.swift */; };
		0A8D49702BEB5DB9005223FC /* SavedViewController.swift in Sources */ = {isa = PBXBuildFile; fileRef = 0A8D496F2BEB5DB9005223FC /* SavedViewController.swift */; };
		0A8D49732BEB5E79005223FC /* SavedTableViewCell.swift in Sources */ = {isa = PBXBuildFile; fileRef = 0A8D49712BEB5E79005223FC /* SavedTableViewCell.swift */; };
		0A8D49742BEB5E79005223FC /* SavedTableViewCell.xib in Resources */ = {isa = PBXBuildFile; fileRef = 0A8D49722BEB5E79005223FC /* SavedTableViewCell.xib */; };
		0A942E482BEA9B6C00E9C418 /* DetailViewController.swift in Sources */ = {isa = PBXBuildFile; fileRef = 0A942E472BEA9B6C00E9C418 /* DetailViewController.swift */; };
		0A942E4B2BEA9C9600E9C418 /* DetailTableViewCell.xib in Resources */ = {isa = PBXBuildFile; fileRef = 0A942E4A2BEA9C9600E9C418 /* DetailTableViewCell.xib */; };
		0A942E4C2BEA9C9600E9C418 /* DetailTableViewCell.swift in Sources */ = {isa = PBXBuildFile; fileRef = 0A942E492BEA9C9600E9C418 /* DetailTableViewCell.swift */; };
		0AE6015D2BEB2F1A0023B280 /* YourOrderViewController.swift in Sources */ = {isa = PBXBuildFile; fileRef = 0AE6015C2BEB2F1A0023B280 /* YourOrderViewController.swift */; };
		0AE601602BEB3CAD0023B280 /* ChatTableViewCell.swift in Sources */ = {isa = PBXBuildFile; fileRef = 0AE6015E2BEB3CAD0023B280 /* ChatTableViewCell.swift */; };
		0AE601612BEB3CAD0023B280 /* ChatTableViewCell.xib in Resources */ = {isa = PBXBuildFile; fileRef = 0AE6015F2BEB3CAD0023B280 /* ChatTableViewCell.xib */; };
		0AF9F8E52BE4BD5900C6EE0F /* EditProfileViewController.swift in Sources */ = {isa = PBXBuildFile; fileRef = 0AF9F8E42BE4BD5900C6EE0F /* EditProfileViewController.swift */; };
		0AF9F8E82BE4C68F00C6EE0F /* HistoryTableViewCell.swift in Sources */ = {isa = PBXBuildFile; fileRef = 0AF9F8E62BE4C68F00C6EE0F /* HistoryTableViewCell.swift */; };
		0AF9F8E92BE4C68F00C6EE0F /* HistoryTableViewCell.xib in Resources */ = {isa = PBXBuildFile; fileRef = 0AF9F8E72BE4C68F00C6EE0F /* HistoryTableViewCell.xib */; };
		0AFFCF862BE362140039AD4F /* DietryTableViewCell.xib in Resources */ = {isa = PBXBuildFile; fileRef = 0AFFCF852BE362140039AD4F /* DietryTableViewCell.xib */; };
		0AFFCF872BE362140039AD4F /* DietryTableViewCell.swift in Sources */ = {isa = PBXBuildFile; fileRef = 0AFFCF842BE362140039AD4F /* DietryTableViewCell.swift */; };
		0AFFCF8A2BE362250039AD4F /* HomeTableViewCell.xib in Resources */ = {isa = PBXBuildFile; fileRef = 0AFFCF892BE362250039AD4F /* HomeTableViewCell.xib */; };
		0AFFCF8B2BE362250039AD4F /* HomeTableViewCell.swift in Sources */ = {isa = PBXBuildFile; fileRef = 0AFFCF882BE362250039AD4F /* HomeTableViewCell.swift */; };
		920BAD8D1D811400BC099AF6 /* Pods_OneLastChance.framework in Frameworks */ = {isa = PBXBuildFile; fileRef = 4A4E04F51AABA6247DFE4AD7 /* Pods_OneLastChance.framework */; };
		F96BAF072BE2A40E0012E02B /* SignUpViewController.swift in Sources */ = {isa = PBXBuildFile; fileRef = F96BAF062BE2A40E0012E02B /* SignUpViewController.swift */; };
		F9F48A0C2BE25D2C003A16E1 /* AppDelegate.swift in Sources */ = {isa = PBXBuildFile; fileRef = F9F48A0B2BE25D2C003A16E1 /* AppDelegate.swift */; };
		F9F48A102BE25D2C003A16E1 /* ViewController.swift in Sources */ = {isa = PBXBuildFile; fileRef = F9F48A0F2BE25D2C003A16E1 /* ViewController.swift */; };
		F9F48A132BE25D2C003A16E1 /* Base in Resources */ = {isa = PBXBuildFile; fileRef = F9F48A122BE25D2C003A16E1 /* Base */; };
		F9F48A152BE25D2F003A16E1 /* Assets.xcassets in Resources */ = {isa = PBXBuildFile; fileRef = F9F48A142BE25D2F003A16E1 /* Assets.xcassets */; };
		F9F48A182BE25D2F003A16E1 /* Base in Resources */ = {isa = PBXBuildFile; fileRef = F9F48A172BE25D2F003A16E1 /* Base */; };
		F9F48A662BE268FE003A16E1 /* AppSharedData.swift in Sources */ = {isa = PBXBuildFile; fileRef = F9F48A3F2BE268FE003A16E1 /* AppSharedData.swift */; };
		F9F48A672BE268FE003A16E1 /* Location.swift in Sources */ = {isa = PBXBuildFile; fileRef = F9F48A412BE268FE003A16E1 /* Location.swift */; };
		F9F48A682BE268FE003A16E1 /* LocationPicker.storyboard in Resources */ = {isa = PBXBuildFile; fileRef = F9F48A422BE268FE003A16E1 /* LocationPicker.storyboard */; };
		F9F48A692BE268FE003A16E1 /* LocationPickerViewController.swift in Sources */ = {isa = PBXBuildFile; fileRef = F9F48A432BE268FE003A16E1 /* LocationPickerViewController.swift */; };
		F9F48A6A2BE268FE003A16E1 /* LocationSearchResultsViewController.swift in Sources */ = {isa = PBXBuildFile; fileRef = F9F48A442BE268FE003A16E1 /* LocationSearchResultsViewController.swift */; };
		F9F48A6B2BE268FE003A16E1 /* LocationService.swift in Sources */ = {isa = PBXBuildFile; fileRef = F9F48A452BE268FE003A16E1 /* LocationService.swift */; };
		F9F48A6C2BE268FE003A16E1 /* SearchHistoryManager.swift in Sources */ = {isa = PBXBuildFile; fileRef = F9F48A462BE268FE003A16E1 /* SearchHistoryManager.swift */; };
		F9F48A6D2BE268FE003A16E1 /* TabBarViewController.swift in Sources */ = {isa = PBXBuildFile; fileRef = F9F48A482BE268FE003A16E1 /* TabBarViewController.swift */; };
		F9F48A6E2BE268FE003A16E1 /* FloatRatingView.swift in Sources */ = {isa = PBXBuildFile; fileRef = F9F48A4A2BE268FE003A16E1 /* FloatRatingView.swift */; };
		F9F48A6F2BE268FE003A16E1 /* AlertViewController.swift in Sources */ = {isa = PBXBuildFile; fileRef = F9F48A4C2BE268FE003A16E1 /* AlertViewController.swift */; };
		F9F48A702BE268FE003A16E1 /* century.ttf in Resources */ = {isa = PBXBuildFile; fileRef = F9F48A4D2BE268FE003A16E1 /* century.ttf */; };
		F9F48A712BE268FE003A16E1 /* CircularProgressBar.swift in Sources */ = {isa = PBXBuildFile; fileRef = F9F48A4E2BE268FE003A16E1 /* CircularProgressBar.swift */; };
		F9F48A722BE268FE003A16E1 /* CustomUITextField.swift in Sources */ = {isa = PBXBuildFile; fileRef = F9F48A4F2BE268FE003A16E1 /* CustomUITextField.swift */; };
		F9F48A732BE268FE003A16E1 /* CustomUIView.swift in Sources */ = {isa = PBXBuildFile; fileRef = F9F48A502BE268FE003A16E1 /* CustomUIView.swift */; };
		F9F48A742BE268FE003A16E1 /* Extensions.swift in Sources */ = {isa = PBXBuildFile; fileRef = F9F48A512BE268FE003A16E1 /* Extensions.swift */; };
		F9F48A752BE268FE003A16E1 /* MediaPicker.swift in Sources */ = {isa = PBXBuildFile; fileRef = F9F48A522BE268FE003A16E1 /* MediaPicker.swift */; };
		F9F48A762BE268FE003A16E1 /* MessageConstant.swift in Sources */ = {isa = PBXBuildFile; fileRef = F9F48A532BE268FE003A16E1 /* MessageConstant.swift */; };
		F9F48A772BE268FE003A16E1 /* RDTextView.swift in Sources */ = {isa = PBXBuildFile; fileRef = F9F48A542BE268FE003A16E1 /* RDTextView.swift */; };
		F9F48A782BE268FE003A16E1 /* TableViewExtension.swift in Sources */ = {isa = PBXBuildFile; fileRef = F9F48A552BE268FE003A16E1 /* TableViewExtension.swift */; };
		F9F48A792BE268FE003A16E1 /* TimePickerManager.swift in Sources */ = {isa = PBXBuildFile; fileRef = F9F48A562BE268FE003A16E1 /* TimePickerManager.swift */; };
		F9F48A7A2BE268FE003A16E1 /* WebServiceHelper.swift in Sources */ = {isa = PBXBuildFile; fileRef = F9F48A582BE268FE003A16E1 /* WebServiceHelper.swift */; };
		F9F48A7B2BE268FE003A16E1 /* WebServiceManager.swift in Sources */ = {isa = PBXBuildFile; fileRef = F9F48A592BE268FE003A16E1 /* WebServiceManager.swift */; };
		F9F48A7C2BE268FE003A16E1 /* CategoryModel.swift in Sources */ = {isa = PBXBuildFile; fileRef = F9F48A5B2BE268FE003A16E1 /* CategoryModel.swift */; };
		F9F48A7D2BE268FE003A16E1 /* ChatDetailModel.swift in Sources */ = {isa = PBXBuildFile; fileRef = F9F48A5C2BE268FE003A16E1 /* ChatDetailModel.swift */; };
		F9F48A7E2BE268FE003A16E1 /* GamePlayersModel.swift in Sources */ = {isa = PBXBuildFile; fileRef = F9F48A5D2BE268FE003A16E1 /* GamePlayersModel.swift */; };
		F9F48A7F2BE268FE003A16E1 /* GetGameModel.swift in Sources */ = {isa = PBXBuildFile; fileRef = F9F48A5E2BE268FE003A16E1 /* GetGameModel.swift */; };
		F9F48A802BE268FE003A16E1 /* HomeModel.swift in Sources */ = {isa = PBXBuildFile; fileRef = F9F48A5F2BE268FE003A16E1 /* HomeModel.swift */; };
		F9F48A812BE268FE003A16E1 /* LoginModel.swift in Sources */ = {isa = PBXBuildFile; fileRef = F9F48A602BE268FE003A16E1 /* LoginModel.swift */; };
		F9F48A822BE268FE003A16E1 /* NotificationModel.swift in Sources */ = {isa = PBXBuildFile; fileRef = F9F48A612BE268FE003A16E1 /* NotificationModel.swift */; };
		F9F48A832BE268FE003A16E1 /* RegistrationModel.swift in Sources */ = {isa = PBXBuildFile; fileRef = F9F48A622BE268FE003A16E1 /* RegistrationModel.swift */; };
		F9F48A842BE268FE003A16E1 /* StoreModel.swift in Sources */ = {isa = PBXBuildFile; fileRef = F9F48A632BE268FE003A16E1 /* StoreModel.swift */; };
		F9F48A852BE268FE003A16E1 /* UserModel.swift in Sources */ = {isa = PBXBuildFile; fileRef = F9F48A642BE268FE003A16E1 /* UserModel.swift */; };
		F9F48A882BE269A7003A16E1 /* LoginViewController.swift in Sources */ = {isa = PBXBuildFile; fileRef = F9F48A872BE269A7003A16E1 /* LoginViewController.swift */; };
/* End PBXBuildFile section */

/* Begin PBXFileReference section */
		0A0781902BE2B53B00962EEC /* ForgotPasswordViewController.swift */ = {isa = PBXFileReference; lastKnownFileType = sourcecode.swift; path = ForgotPasswordViewController.swift; sourceTree = "<group>"; };
		0A0781942BE2BCD400962EEC /* HomeViewController.swift */ = {isa = PBXFileReference; lastKnownFileType = sourcecode.swift; path = HomeViewController.swift; sourceTree = "<group>"; };
		0A0781972BE2BCFB00962EEC /* HistoryViewController.swift */ = {isa = PBXFileReference; lastKnownFileType = sourcecode.swift; path = HistoryViewController.swift; sourceTree = "<group>"; };
		0A07819B2BE2BD1100962EEC /* ChatViewController.swift */ = {isa = PBXFileReference; lastKnownFileType = sourcecode.swift; path = ChatViewController.swift; sourceTree = "<group>"; };
		0A07819D2BE2BD1800962EEC /* ProfileViewController.swift */ = {isa = PBXFileReference; lastKnownFileType = sourcecode.swift; path = ProfileViewController.swift; sourceTree = "<group>"; };
		0A07819F2BE2BE0900962EEC /* TabbarViewController.swift */ = {isa = PBXFileReference; lastKnownFileType = sourcecode.swift; path = TabbarViewController.swift; sourceTree = "<group>"; };
		0A0781A12BE2BFB100962EEC /* FilterViewController.swift */ = {isa = PBXFileReference; lastKnownFileType = sourcecode.swift; path = FilterViewController.swift; sourceTree = "<group>"; };
		0A8D49692BEB56A2005223FC /* ResetPasswordViewController.swift */ = {isa = PBXFileReference; lastKnownFileType = sourcecode.swift; path = ResetPasswordViewController.swift; sourceTree = "<group>"; };
		0A8D496B2BEB57FD005223FC /* ContactUsViewController.swift */ = {isa = PBXFileReference; lastKnownFileType = sourcecode.swift; path = ContactUsViewController.swift; sourceTree = "<group>"; };
		0A8D496D2BEB5C2A005223FC /* PrivacyPolicyViewController.swift */ = {isa = PBXFileReference; lastKnownFileType = sourcecode.swift; path = PrivacyPolicyViewController.swift; sourceTree = "<group>"; };
		0A8D496F2BEB5DB9005223FC /* SavedViewController.swift */ = {isa = PBXFileReference; lastKnownFileType = sourcecode.swift; path = SavedViewController.swift; sourceTree = "<group>"; };
		0A8D49712BEB5E79005223FC /* SavedTableViewCell.swift */ = {isa = PBXFileReference; lastKnownFileType = sourcecode.swift; path = SavedTableViewCell.swift; sourceTree = "<group>"; };
		0A8D49722BEB5E79005223FC /* SavedTableViewCell.xib */ = {isa = PBXFileReference; lastKnownFileType = file.xib; path = SavedTableViewCell.xib; sourceTree = "<group>"; };
		0A942E472BEA9B6C00E9C418 /* DetailViewController.swift */ = {isa = PBXFileReference; lastKnownFileType = sourcecode.swift; path = DetailViewController.swift; sourceTree = "<group>"; };
		0A942E492BEA9C9600E9C418 /* DetailTableViewCell.swift */ = {isa = PBXFileReference; lastKnownFileType = sourcecode.swift; path = DetailTableViewCell.swift; sourceTree = "<group>"; };
		0A942E4A2BEA9C9600E9C418 /* DetailTableViewCell.xib */ = {isa = PBXFileReference; lastKnownFileType = file.xib; path = DetailTableViewCell.xib; sourceTree = "<group>"; };
		0AE6015C2BEB2F1A0023B280 /* YourOrderViewController.swift */ = {isa = PBXFileReference; lastKnownFileType = sourcecode.swift; path = YourOrderViewController.swift; sourceTree = "<group>"; };
		0AE6015E2BEB3CAD0023B280 /* ChatTableViewCell.swift */ = {isa = PBXFileReference; lastKnownFileType = sourcecode.swift; path = ChatTableViewCell.swift; sourceTree = "<group>"; };
		0AE6015F2BEB3CAD0023B280 /* ChatTableViewCell.xib */ = {isa = PBXFileReference; lastKnownFileType = file.xib; path = ChatTableViewCell.xib; sourceTree = "<group>"; };
		0AF9F8E42BE4BD5900C6EE0F /* EditProfileViewController.swift */ = {isa = PBXFileReference; lastKnownFileType = sourcecode.swift; path = EditProfileViewController.swift; sourceTree = "<group>"; };
		0AF9F8E62BE4C68F00C6EE0F /* HistoryTableViewCell.swift */ = {isa = PBXFileReference; lastKnownFileType = sourcecode.swift; path = HistoryTableViewCell.swift; sourceTree = "<group>"; };
		0AF9F8E72BE4C68F00C6EE0F /* HistoryTableViewCell.xib */ = {isa = PBXFileReference; lastKnownFileType = file.xib; path = HistoryTableViewCell.xib; sourceTree = "<group>"; };
		0AFFCF842BE362140039AD4F /* DietryTableViewCell.swift */ = {isa = PBXFileReference; lastKnownFileType = sourcecode.swift; path = DietryTableViewCell.swift; sourceTree = "<group>"; };
		0AFFCF852BE362140039AD4F /* DietryTableViewCell.xib */ = {isa = PBXFileReference; lastKnownFileType = file.xib; path = DietryTableViewCell.xib; sourceTree = "<group>"; };
		0AFFCF882BE362250039AD4F /* HomeTableViewCell.swift */ = {isa = PBXFileReference; lastKnownFileType = sourcecode.swift; path = HomeTableViewCell.swift; sourceTree = "<group>"; };
		0AFFCF892BE362250039AD4F /* HomeTableViewCell.xib */ = {isa = PBXFileReference; lastKnownFileType = file.xib; path = HomeTableViewCell.xib; sourceTree = "<group>"; };
		13954C4757E1968035F49B92 /* Pods-OneLastChance.release.xcconfig */ = {isa = PBXFileReference; includeInIndex = 1; lastKnownFileType = text.xcconfig; name = "Pods-OneLastChance.release.xcconfig"; path = "Target Support Files/Pods-OneLastChance/Pods-OneLastChance.release.xcconfig"; sourceTree = "<group>"; };
		4A4E04F51AABA6247DFE4AD7 /* Pods_OneLastChance.framework */ = {isa = PBXFileReference; explicitFileType = wrapper.framework; includeInIndex = 0; path = Pods_OneLastChance.framework; sourceTree = BUILT_PRODUCTS_DIR; };
		D4938FDE64E32A29A90DC1D7 /* Pods-OneLastChance.debug.xcconfig */ = {isa = PBXFileReference; includeInIndex = 1; lastKnownFileType = text.xcconfig; name = "Pods-OneLastChance.debug.xcconfig"; path = "Target Support Files/Pods-OneLastChance/Pods-OneLastChance.debug.xcconfig"; sourceTree = "<group>"; };
		F96BAF062BE2A40E0012E02B /* SignUpViewController.swift */ = {isa = PBXFileReference; lastKnownFileType = sourcecode.swift; path = SignUpViewController.swift; sourceTree = "<group>"; };
		F9F48A082BE25D2C003A16E1 /* OneLastChance.app */ = {isa = PBXFileReference; explicitFileType = wrapper.application; includeInIndex = 0; path = OneLastChance.app; sourceTree = BUILT_PRODUCTS_DIR; };
		F9F48A0B2BE25D2C003A16E1 /* AppDelegate.swift */ = {isa = PBXFileReference; lastKnownFileType = sourcecode.swift; path = AppDelegate.swift; sourceTree = "<group>"; };
		F9F48A0F2BE25D2C003A16E1 /* ViewController.swift */ = {isa = PBXFileReference; lastKnownFileType = sourcecode.swift; path = ViewController.swift; sourceTree = "<group>"; };
		F9F48A122BE25D2C003A16E1 /* Base */ = {isa = PBXFileReference; lastKnownFileType = file.storyboard; name = Base; path = Base.lproj/Main.storyboard; sourceTree = "<group>"; };
		F9F48A142BE25D2F003A16E1 /* Assets.xcassets */ = {isa = PBXFileReference; lastKnownFileType = folder.assetcatalog; path = Assets.xcassets; sourceTree = "<group>"; };
		F9F48A172BE25D2F003A16E1 /* Base */ = {isa = PBXFileReference; lastKnownFileType = file.storyboard; name = Base; path = Base.lproj/LaunchScreen.storyboard; sourceTree = "<group>"; };
		F9F48A192BE25D2F003A16E1 /* Info.plist */ = {isa = PBXFileReference; lastKnownFileType = text.plist.xml; path = Info.plist; sourceTree = "<group>"; };
		F9F48A3F2BE268FE003A16E1 /* AppSharedData.swift */ = {isa = PBXFileReference; fileEncoding = 4; lastKnownFileType = sourcecode.swift; path = AppSharedData.swift; sourceTree = "<group>"; };
		F9F48A412BE268FE003A16E1 /* Location.swift */ = {isa = PBXFileReference; fileEncoding = 4; lastKnownFileType = sourcecode.swift; path = Location.swift; sourceTree = "<group>"; };
		F9F48A422BE268FE003A16E1 /* LocationPicker.storyboard */ = {isa = PBXFileReference; fileEncoding = 4; lastKnownFileType = file.storyboard; path = LocationPicker.storyboard; sourceTree = "<group>"; };
		F9F48A432BE268FE003A16E1 /* LocationPickerViewController.swift */ = {isa = PBXFileReference; fileEncoding = 4; lastKnownFileType = sourcecode.swift; path = LocationPickerViewController.swift; sourceTree = "<group>"; };
		F9F48A442BE268FE003A16E1 /* LocationSearchResultsViewController.swift */ = {isa = PBXFileReference; fileEncoding = 4; lastKnownFileType = sourcecode.swift; path = LocationSearchResultsViewController.swift; sourceTree = "<group>"; };
		F9F48A452BE268FE003A16E1 /* LocationService.swift */ = {isa = PBXFileReference; fileEncoding = 4; lastKnownFileType = sourcecode.swift; path = LocationService.swift; sourceTree = "<group>"; };
		F9F48A462BE268FE003A16E1 /* SearchHistoryManager.swift */ = {isa = PBXFileReference; fileEncoding = 4; lastKnownFileType = sourcecode.swift; path = SearchHistoryManager.swift; sourceTree = "<group>"; };
		F9F48A482BE268FE003A16E1 /* TabBarViewController.swift */ = {isa = PBXFileReference; fileEncoding = 4; lastKnownFileType = sourcecode.swift; path = TabBarViewController.swift; sourceTree = "<group>"; };
		F9F48A4A2BE268FE003A16E1 /* FloatRatingView.swift */ = {isa = PBXFileReference; fileEncoding = 4; lastKnownFileType = sourcecode.swift; path = FloatRatingView.swift; sourceTree = "<group>"; };
		F9F48A4C2BE268FE003A16E1 /* AlertViewController.swift */ = {isa = PBXFileReference; fileEncoding = 4; lastKnownFileType = sourcecode.swift; path = AlertViewController.swift; sourceTree = "<group>"; };
		F9F48A4D2BE268FE003A16E1 /* century.ttf */ = {isa = PBXFileReference; lastKnownFileType = file; path = century.ttf; sourceTree = "<group>"; };
		F9F48A4E2BE268FE003A16E1 /* CircularProgressBar.swift */ = {isa = PBXFileReference; fileEncoding = 4; lastKnownFileType = sourcecode.swift; path = CircularProgressBar.swift; sourceTree = "<group>"; };
		F9F48A4F2BE268FE003A16E1 /* CustomUITextField.swift */ = {isa = PBXFileReference; fileEncoding = 4; lastKnownFileType = sourcecode.swift; path = CustomUITextField.swift; sourceTree = "<group>"; };
		F9F48A502BE268FE003A16E1 /* CustomUIView.swift */ = {isa = PBXFileReference; fileEncoding = 4; lastKnownFileType = sourcecode.swift; path = CustomUIView.swift; sourceTree = "<group>"; };
		F9F48A512BE268FE003A16E1 /* Extensions.swift */ = {isa = PBXFileReference; fileEncoding = 4; lastKnownFileType = sourcecode.swift; path = Extensions.swift; sourceTree = "<group>"; };
		F9F48A522BE268FE003A16E1 /* MediaPicker.swift */ = {isa = PBXFileReference; fileEncoding = 4; lastKnownFileType = sourcecode.swift; path = MediaPicker.swift; sourceTree = "<group>"; };
		F9F48A532BE268FE003A16E1 /* MessageConstant.swift */ = {isa = PBXFileReference; fileEncoding = 4; lastKnownFileType = sourcecode.swift; path = MessageConstant.swift; sourceTree = "<group>"; };
		F9F48A542BE268FE003A16E1 /* RDTextView.swift */ = {isa = PBXFileReference; fileEncoding = 4; lastKnownFileType = sourcecode.swift; path = RDTextView.swift; sourceTree = "<group>"; };
		F9F48A552BE268FE003A16E1 /* TableViewExtension.swift */ = {isa = PBXFileReference; fileEncoding = 4; lastKnownFileType = sourcecode.swift; path = TableViewExtension.swift; sourceTree = "<group>"; };
		F9F48A562BE268FE003A16E1 /* TimePickerManager.swift */ = {isa = PBXFileReference; fileEncoding = 4; lastKnownFileType = sourcecode.swift; path = TimePickerManager.swift; sourceTree = "<group>"; };
		F9F48A582BE268FE003A16E1 /* WebServiceHelper.swift */ = {isa = PBXFileReference; fileEncoding = 4; lastKnownFileType = sourcecode.swift; path = WebServiceHelper.swift; sourceTree = "<group>"; };
		F9F48A592BE268FE003A16E1 /* WebServiceManager.swift */ = {isa = PBXFileReference; fileEncoding = 4; lastKnownFileType = sourcecode.swift; path = WebServiceManager.swift; sourceTree = "<group>"; };
		F9F48A5B2BE268FE003A16E1 /* CategoryModel.swift */ = {isa = PBXFileReference; fileEncoding = 4; lastKnownFileType = sourcecode.swift; path = CategoryModel.swift; sourceTree = "<group>"; };
		F9F48A5C2BE268FE003A16E1 /* ChatDetailModel.swift */ = {isa = PBXFileReference; fileEncoding = 4; lastKnownFileType = sourcecode.swift; path = ChatDetailModel.swift; sourceTree = "<group>"; };
		F9F48A5D2BE268FE003A16E1 /* GamePlayersModel.swift */ = {isa = PBXFileReference; fileEncoding = 4; lastKnownFileType = sourcecode.swift; path = GamePlayersModel.swift; sourceTree = "<group>"; };
		F9F48A5E2BE268FE003A16E1 /* GetGameModel.swift */ = {isa = PBXFileReference; fileEncoding = 4; lastKnownFileType = sourcecode.swift; path = GetGameModel.swift; sourceTree = "<group>"; };
		F9F48A5F2BE268FE003A16E1 /* HomeModel.swift */ = {isa = PBXFileReference; fileEncoding = 4; lastKnownFileType = sourcecode.swift; path = HomeModel.swift; sourceTree = "<group>"; };
		F9F48A602BE268FE003A16E1 /* LoginModel.swift */ = {isa = PBXFileReference; fileEncoding = 4; lastKnownFileType = sourcecode.swift; path = LoginModel.swift; sourceTree = "<group>"; };
		F9F48A612BE268FE003A16E1 /* NotificationModel.swift */ = {isa = PBXFileReference; fileEncoding = 4; lastKnownFileType = sourcecode.swift; path = NotificationModel.swift; sourceTree = "<group>"; };
		F9F48A622BE268FE003A16E1 /* RegistrationModel.swift */ = {isa = PBXFileReference; fileEncoding = 4; lastKnownFileType = sourcecode.swift; path = RegistrationModel.swift; sourceTree = "<group>"; };
		F9F48A632BE268FE003A16E1 /* StoreModel.swift */ = {isa = PBXFileReference; fileEncoding = 4; lastKnownFileType = sourcecode.swift; path = StoreModel.swift; sourceTree = "<group>"; };
		F9F48A642BE268FE003A16E1 /* UserModel.swift */ = {isa = PBXFileReference; fileEncoding = 4; lastKnownFileType = sourcecode.swift; path = UserModel.swift; sourceTree = "<group>"; };
		F9F48A872BE269A7003A16E1 /* LoginViewController.swift */ = {isa = PBXFileReference; lastKnownFileType = sourcecode.swift; path = LoginViewController.swift; sourceTree = "<group>"; };
/* End PBXFileReference section */

/* Begin PBXFrameworksBuildPhase section */
		F9F48A052BE25D2C003A16E1 /* Frameworks */ = {
			isa = PBXFrameworksBuildPhase;
			buildActionMask = 2147483647;
			files = (
				920BAD8D1D811400BC099AF6 /* Pods_OneLastChance.framework in Frameworks */,
			);
			runOnlyForDeploymentPostprocessing = 0;
		};
/* End PBXFrameworksBuildPhase section */

/* Begin PBXGroup section */
		0A0781922BE2BCC100962EEC /* TabBar */ = {
			isa = PBXGroup;
			children = (
				0A07819F2BE2BE0900962EEC /* TabbarViewController.swift */,
			);
			path = TabBar;
			sourceTree = "<group>";
		};
		0A0781932BE2BCCA00962EEC /* Home */ = {
			isa = PBXGroup;
			children = (
				0A0781942BE2BCD400962EEC /* HomeViewController.swift */,
				0A0781A12BE2BFB100962EEC /* FilterViewController.swift */,
				0AFFCF882BE362250039AD4F /* HomeTableViewCell.swift */,
				0AFFCF892BE362250039AD4F /* HomeTableViewCell.xib */,
				0AFFCF842BE362140039AD4F /* DietryTableViewCell.swift */,
				0AFFCF852BE362140039AD4F /* DietryTableViewCell.xib */,
				0A942E472BEA9B6C00E9C418 /* DetailViewController.swift */,
				0A942E492BEA9C9600E9C418 /* DetailTableViewCell.swift */,
				0A942E4A2BEA9C9600E9C418 /* DetailTableViewCell.xib */,
				0AE6015C2BEB2F1A0023B280 /* YourOrderViewController.swift */,
				0A8D496F2BEB5DB9005223FC /* SavedViewController.swift */,
				0A8D49712BEB5E79005223FC /* SavedTableViewCell.swift */,
				0A8D49722BEB5E79005223FC /* SavedTableViewCell.xib */,
			);
			path = Home;
			sourceTree = "<group>";
		};
		0A0781962BE2BCF000962EEC /* History */ = {
			isa = PBXGroup;
			children = (
				0A0781972BE2BCFB00962EEC /* HistoryViewController.swift */,
				0AF9F8E62BE4C68F00C6EE0F /* HistoryTableViewCell.swift */,
				0AF9F8E72BE4C68F00C6EE0F /* HistoryTableViewCell.xib */,
			);
			path = History;
			sourceTree = "<group>";
		};
		0A0781992BE2BD0200962EEC /* Chat */ = {
			isa = PBXGroup;
			children = (
				0A07819B2BE2BD1100962EEC /* ChatViewController.swift */,
				0AE6015E2BEB3CAD0023B280 /* ChatTableViewCell.swift */,
				0AE6015F2BEB3CAD0023B280 /* ChatTableViewCell.xib */,
			);
			path = Chat;
			sourceTree = "<group>";
		};
		0A07819A2BE2BD0700962EEC /* Profile */ = {
			isa = PBXGroup;
			children = (
				0A07819D2BE2BD1800962EEC /* ProfileViewController.swift */,
				0AF9F8E42BE4BD5900C6EE0F /* EditProfileViewController.swift */,
				0A8D49692BEB56A2005223FC /* ResetPasswordViewController.swift */,
				0A8D496B2BEB57FD005223FC /* ContactUsViewController.swift */,
				0A8D496D2BEB5C2A005223FC /* PrivacyPolicyViewController.swift */,
			);
			path = Profile;
			sourceTree = "<group>";
		};
		28F575CE8D40D64B337E48EE /* Pods */ = {
			isa = PBXGroup;
			children = (
				D4938FDE64E32A29A90DC1D7 /* Pods-OneLastChance.debug.xcconfig */,
				13954C4757E1968035F49B92 /* Pods-OneLastChance.release.xcconfig */,
			);
			path = Pods;
			sourceTree = "<group>";
		};
		9547C02652CCAA60FA180ED0 /* Frameworks */ = {
			isa = PBXGroup;
			children = (
				4A4E04F51AABA6247DFE4AD7 /* Pods_OneLastChance.framework */,
			);
			name = Frameworks;
			sourceTree = "<group>";
		};
		F9F489FF2BE25D2C003A16E1 = {
			isa = PBXGroup;
			children = (
				F9F48A0A2BE25D2C003A16E1 /* OneLastChance */,
				F9F48A092BE25D2C003A16E1 /* Products */,
				28F575CE8D40D64B337E48EE /* Pods */,
				9547C02652CCAA60FA180ED0 /* Frameworks */,
			);
			sourceTree = "<group>";
		};
		F9F48A092BE25D2C003A16E1 /* Products */ = {
			isa = PBXGroup;
			children = (
				F9F48A082BE25D2C003A16E1 /* OneLastChance.app */,
			);
			name = Products;
			sourceTree = "<group>";
		};
		F9F48A0A2BE25D2C003A16E1 /* OneLastChance */ = {
			isa = PBXGroup;
			children = (
				0A07819A2BE2BD0700962EEC /* Profile */,
				0A0781992BE2BD0200962EEC /* Chat */,
				0A0781962BE2BCF000962EEC /* History */,
				0A0781932BE2BCCA00962EEC /* Home */,
				0A0781922BE2BCC100962EEC /* TabBar */,
				F9F48A862BE26968003A16E1 /* Auth */,
				F9F48A472BE268FE003A16E1 /* LocationPicker */,
				F9F48A652BE268FE003A16E1 /* Model */,
				F9F48A402BE268FE003A16E1 /* SharedClass */,
				F9F48A492BE268FE003A16E1 /* TabBarController */,
				F9F48A572BE268FE003A16E1 /* Utilities */,
				F9F48A5A2BE268FE003A16E1 /* WebServiceManager */,
				F9F48A0B2BE25D2C003A16E1 /* AppDelegate.swift */,
				F9F48A0F2BE25D2C003A16E1 /* ViewController.swift */,
				F9F48A112BE25D2C003A16E1 /* Main.storyboard */,
				F9F48A142BE25D2F003A16E1 /* Assets.xcassets */,
				F9F48A162BE25D2F003A16E1 /* LaunchScreen.storyboard */,
				F9F48A192BE25D2F003A16E1 /* Info.plist */,
			);
			path = OneLastChance;
			sourceTree = "<group>";
		};
		F9F48A402BE268FE003A16E1 /* SharedClass */ = {
			isa = PBXGroup;
			children = (
				F9F48A3F2BE268FE003A16E1 /* AppSharedData.swift */,
			);
			path = SharedClass;
			sourceTree = "<group>";
		};
		F9F48A472BE268FE003A16E1 /* LocationPicker */ = {
			isa = PBXGroup;
			children = (
				F9F48A412BE268FE003A16E1 /* Location.swift */,
				F9F48A422BE268FE003A16E1 /* LocationPicker.storyboard */,
				F9F48A432BE268FE003A16E1 /* LocationPickerViewController.swift */,
				F9F48A442BE268FE003A16E1 /* LocationSearchResultsViewController.swift */,
				F9F48A452BE268FE003A16E1 /* LocationService.swift */,
				F9F48A462BE268FE003A16E1 /* SearchHistoryManager.swift */,
			);
			path = LocationPicker;
			sourceTree = "<group>";
		};
		F9F48A492BE268FE003A16E1 /* TabBarController */ = {
			isa = PBXGroup;
			children = (
				F9F48A482BE268FE003A16E1 /* TabBarViewController.swift */,
			);
			path = TabBarController;
			sourceTree = "<group>";
		};
		F9F48A4B2BE268FE003A16E1 /* FloatingRatingView */ = {
			isa = PBXGroup;
			children = (
				F9F48A4A2BE268FE003A16E1 /* FloatRatingView.swift */,
			);
			path = FloatingRatingView;
			sourceTree = "<group>";
		};
		F9F48A572BE268FE003A16E1 /* Utilities */ = {
			isa = PBXGroup;
			children = (
				F9F48A4B2BE268FE003A16E1 /* FloatingRatingView */,
				F9F48A4C2BE268FE003A16E1 /* AlertViewController.swift */,
				F9F48A4D2BE268FE003A16E1 /* century.ttf */,
				F9F48A4E2BE268FE003A16E1 /* CircularProgressBar.swift */,
				F9F48A4F2BE268FE003A16E1 /* CustomUITextField.swift */,
				F9F48A502BE268FE003A16E1 /* CustomUIView.swift */,
				F9F48A512BE268FE003A16E1 /* Extensions.swift */,
				F9F48A522BE268FE003A16E1 /* MediaPicker.swift */,
				F9F48A532BE268FE003A16E1 /* MessageConstant.swift */,
				F9F48A542BE268FE003A16E1 /* RDTextView.swift */,
				F9F48A552BE268FE003A16E1 /* TableViewExtension.swift */,
				F9F48A562BE268FE003A16E1 /* TimePickerManager.swift */,
			);
			path = Utilities;
			sourceTree = "<group>";
		};
		F9F48A5A2BE268FE003A16E1 /* WebServiceManager */ = {
			isa = PBXGroup;
			children = (
				F9F48A582BE268FE003A16E1 /* WebServiceHelper.swift */,
				F9F48A592BE268FE003A16E1 /* WebServiceManager.swift */,
			);
			path = WebServiceManager;
			sourceTree = "<group>";
		};
		F9F48A652BE268FE003A16E1 /* Model */ = {
			isa = PBXGroup;
			children = (
				F9F48A5B2BE268FE003A16E1 /* CategoryModel.swift */,
				F9F48A5C2BE268FE003A16E1 /* ChatDetailModel.swift */,
				F9F48A5D2BE268FE003A16E1 /* GamePlayersModel.swift */,
				F9F48A5E2BE268FE003A16E1 /* GetGameModel.swift */,
				F9F48A5F2BE268FE003A16E1 /* HomeModel.swift */,
				F9F48A602BE268FE003A16E1 /* LoginModel.swift */,
				F9F48A612BE268FE003A16E1 /* NotificationModel.swift */,
				F9F48A622BE268FE003A16E1 /* RegistrationModel.swift */,
				F9F48A632BE268FE003A16E1 /* StoreModel.swift */,
				F9F48A642BE268FE003A16E1 /* UserModel.swift */,
			);
			path = Model;
			sourceTree = "<group>";
		};
		F9F48A862BE26968003A16E1 /* Auth */ = {
			isa = PBXGroup;
			children = (
				F9F48A872BE269A7003A16E1 /* LoginViewController.swift */,
				F96BAF062BE2A40E0012E02B /* SignUpViewController.swift */,
				0A0781902BE2B53B00962EEC /* ForgotPasswordViewController.swift */,
			);
			path = Auth;
			sourceTree = "<group>";
		};
/* End PBXGroup section */

/* Begin PBXNativeTarget section */
		F9F48A072BE25D2C003A16E1 /* OneLastChance */ = {
			isa = PBXNativeTarget;
			buildConfigurationList = F9F48A1C2BE25D2F003A16E1 /* Build configuration list for PBXNativeTarget "OneLastChance" */;
			buildPhases = (
				E6E7CA06F4BC009355C94417 /* [CP] Check Pods Manifest.lock */,
				F9F48A042BE25D2C003A16E1 /* Sources */,
				F9F48A052BE25D2C003A16E1 /* Frameworks */,
				F9F48A062BE25D2C003A16E1 /* Resources */,
				34A4E2E543EECF7A58005475 /* [CP] Embed Pods Frameworks */,
			);
			buildRules = (
			);
			dependencies = (
			);
			name = OneLastChance;
			productName = OneLastChance;
			productReference = F9F48A082BE25D2C003A16E1 /* OneLastChance.app */;
			productType = "com.apple.product-type.application";
		};
/* End PBXNativeTarget section */

/* Begin PBXProject section */
		F9F48A002BE25D2C003A16E1 /* Project object */ = {
			isa = PBXProject;
			attributes = {
				BuildIndependentTargetsInParallel = 1;
				LastSwiftUpdateCheck = 1530;
				LastUpgradeCheck = 1530;
				TargetAttributes = {
					F9F48A072BE25D2C003A16E1 = {
						CreatedOnToolsVersion = 15.3;
					};
				};
			};
			buildConfigurationList = F9F48A032BE25D2C003A16E1 /* Build configuration list for PBXProject "OneLastChance" */;
			compatibilityVersion = "Xcode 14.0";
			developmentRegion = en;
			hasScannedForEncodings = 0;
			knownRegions = (
				en,
				Base,
			);
			mainGroup = F9F489FF2BE25D2C003A16E1;
			productRefGroup = F9F48A092BE25D2C003A16E1 /* Products */;
			projectDirPath = "";
			projectRoot = "";
			targets = (
				F9F48A072BE25D2C003A16E1 /* OneLastChance */,
			);
		};
/* End PBXProject section */

/* Begin PBXResourcesBuildPhase section */
		F9F48A062BE25D2C003A16E1 /* Resources */ = {
			isa = PBXResourcesBuildPhase;
			buildActionMask = 2147483647;
			files = (
				0AFFCF862BE362140039AD4F /* DietryTableViewCell.xib in Resources */,
				0A8D49742BEB5E79005223FC /* SavedTableViewCell.xib in Resources */,
				0A942E4B2BEA9C9600E9C418 /* DetailTableViewCell.xib in Resources */,
				0AFFCF8A2BE362250039AD4F /* HomeTableViewCell.xib in Resources */,
				F9F48A152BE25D2F003A16E1 /* Assets.xcassets in Resources */,
				F9F48A182BE25D2F003A16E1 /* Base in Resources */,
				F9F48A132BE25D2C003A16E1 /* Base in Resources */,
				F9F48A702BE268FE003A16E1 /* century.ttf in Resources */,
				0AE601612BEB3CAD0023B280 /* ChatTableViewCell.xib in Resources */,
				0AF9F8E92BE4C68F00C6EE0F /* HistoryTableViewCell.xib in Resources */,
				F9F48A682BE268FE003A16E1 /* LocationPicker.storyboard in Resources */,
			);
			runOnlyForDeploymentPostprocessing = 0;
		};
/* End PBXResourcesBuildPhase section */

/* Begin PBXShellScriptBuildPhase section */
		34A4E2E543EECF7A58005475 /* [CP] Embed Pods Frameworks */ = {
			isa = PBXShellScriptBuildPhase;
			buildActionMask = 2147483647;
			files = (
			);
			inputFileListPaths = (
				"${PODS_ROOT}/Target Support Files/Pods-OneLastChance/Pods-OneLastChance-frameworks-${CONFIGURATION}-input-files.xcfilelist",
			);
			name = "[CP] Embed Pods Frameworks";
			outputFileListPaths = (
				"${PODS_ROOT}/Target Support Files/Pods-OneLastChance/Pods-OneLastChance-frameworks-${CONFIGURATION}-output-files.xcfilelist",
			);
			runOnlyForDeploymentPostprocessing = 0;
			shellPath = /bin/sh;
			shellScript = "\"${PODS_ROOT}/Target Support Files/Pods-OneLastChance/Pods-OneLastChance-frameworks.sh\"\n";
			showEnvVarsInLog = 0;
		};
		E6E7CA06F4BC009355C94417 /* [CP] Check Pods Manifest.lock */ = {
			isa = PBXShellScriptBuildPhase;
			buildActionMask = 2147483647;
			files = (
			);
			inputFileListPaths = (
			);
			inputPaths = (
				"${PODS_PODFILE_DIR_PATH}/Podfile.lock",
				"${PODS_ROOT}/Manifest.lock",
			);
			name = "[CP] Check Pods Manifest.lock";
			outputFileListPaths = (
			);
			outputPaths = (
				"$(DERIVED_FILE_DIR)/Pods-OneLastChance-checkManifestLockResult.txt",
			);
			runOnlyForDeploymentPostprocessing = 0;
			shellPath = /bin/sh;
			shellScript = "diff \"${PODS_PODFILE_DIR_PATH}/Podfile.lock\" \"${PODS_ROOT}/Manifest.lock\" > /dev/null\nif [ $? != 0 ] ; then\n    # print error to STDERR\n    echo \"error: The sandbox is not in sync with the Podfile.lock. Run 'pod install' or update your CocoaPods installation.\" >&2\n    exit 1\nfi\n# This output is used by Xcode 'outputs' to avoid re-running this script phase.\necho \"SUCCESS\" > \"${SCRIPT_OUTPUT_FILE_0}\"\n";
			showEnvVarsInLog = 0;
		};
/* End PBXShellScriptBuildPhase section */

/* Begin PBXSourcesBuildPhase section */
		F9F48A042BE25D2C003A16E1 /* Sources */ = {
			isa = PBXSourcesBuildPhase;
			buildActionMask = 2147483647;
			files = (
				0AF9F8E52BE4BD5900C6EE0F /* EditProfileViewController.swift in Sources */,
				F9F48A842BE268FE003A16E1 /* StoreModel.swift in Sources */,
				0A0781912BE2B53B00962EEC /* ForgotPasswordViewController.swift in Sources */,
				F9F48A6C2BE268FE003A16E1 /* SearchHistoryManager.swift in Sources */,
				F9F48A812BE268FE003A16E1 /* LoginModel.swift in Sources */,
				F9F48A6B2BE268FE003A16E1 /* LocationService.swift in Sources */,
				F9F48A802BE268FE003A16E1 /* HomeModel.swift in Sources */,
				0A8D496A2BEB56A2005223FC /* ResetPasswordViewController.swift in Sources */,
				0A8D496C2BEB57FD005223FC /* ContactUsViewController.swift in Sources */,
				F9F48A6A2BE268FE003A16E1 /* LocationSearchResultsViewController.swift in Sources */,
				F9F48A732BE268FE003A16E1 /* CustomUIView.swift in Sources */,
				0AF9F8E82BE4C68F00C6EE0F /* HistoryTableViewCell.swift in Sources */,
				0A0781A02BE2BE0900962EEC /* TabbarViewController.swift in Sources */,
				0A0781982BE2BCFB00962EEC /* HistoryViewController.swift in Sources */,
				F9F48A7D2BE268FE003A16E1 /* ChatDetailModel.swift in Sources */,
				F9F48A662BE268FE003A16E1 /* AppSharedData.swift in Sources */,
				0AFFCF872BE362140039AD4F /* DietryTableViewCell.swift in Sources */,
				0A8D49732BEB5E79005223FC /* SavedTableViewCell.swift in Sources */,
				F9F48A722BE268FE003A16E1 /* CustomUITextField.swift in Sources */,
				F9F48A7C2BE268FE003A16E1 /* CategoryModel.swift in Sources */,
				F9F48A7F2BE268FE003A16E1 /* GetGameModel.swift in Sources */,
				F9F48A6D2BE268FE003A16E1 /* TabBarViewController.swift in Sources */,
				F9F48A7A2BE268FE003A16E1 /* WebServiceHelper.swift in Sources */,
				0A0781A22BE2BFB100962EEC /* FilterViewController.swift in Sources */,
				F9F48A7B2BE268FE003A16E1 /* WebServiceManager.swift in Sources */,
				F9F48A832BE268FE003A16E1 /* RegistrationModel.swift in Sources */,
				F9F48A102BE25D2C003A16E1 /* ViewController.swift in Sources */,
				F9F48A822BE268FE003A16E1 /* NotificationModel.swift in Sources */,
				0A942E482BEA9B6C00E9C418 /* DetailViewController.swift in Sources */,
				F9F48A672BE268FE003A16E1 /* Location.swift in Sources */,
				F9F48A6F2BE268FE003A16E1 /* AlertViewController.swift in Sources */,
				F9F48A752BE268FE003A16E1 /* MediaPicker.swift in Sources */,
				0A942E4C2BEA9C9600E9C418 /* DetailTableViewCell.swift in Sources */,
				F9F48A882BE269A7003A16E1 /* LoginViewController.swift in Sources */,
				0A0781952BE2BCD400962EEC /* HomeViewController.swift in Sources */,
				0AFFCF8B2BE362250039AD4F /* HomeTableViewCell.swift in Sources */,
				F96BAF072BE2A40E0012E02B /* SignUpViewController.swift in Sources */,
				0AE6015D2BEB2F1A0023B280 /* YourOrderViewController.swift in Sources */,
				F9F48A742BE268FE003A16E1 /* Extensions.swift in Sources */,
				F9F48A692BE268FE003A16E1 /* LocationPickerViewController.swift in Sources */,
				F9F48A772BE268FE003A16E1 /* RDTextView.swift in Sources */,
				F9F48A782BE268FE003A16E1 /* TableViewExtension.swift in Sources */,
				0A07819C2BE2BD1100962EEC /* ChatViewController.swift in Sources */,
				F9F48A762BE268FE003A16E1 /* MessageConstant.swift in Sources */,
				0A8D496E2BEB5C2A005223FC /* PrivacyPolicyViewController.swift in Sources */,
				F9F48A852BE268FE003A16E1 /* UserModel.swift in Sources */,
				F9F48A6E2BE268FE003A16E1 /* FloatRatingView.swift in Sources */,
				F9F48A7E2BE268FE003A16E1 /* GamePlayersModel.swift in Sources */,
				F9F48A0C2BE25D2C003A16E1 /* AppDelegate.swift in Sources */,
				0A07819E2BE2BD1800962EEC /* ProfileViewController.swift in Sources */,
				0AE601602BEB3CAD0023B280 /* ChatTableViewCell.swift in Sources */,
				0A8D49702BEB5DB9005223FC /* SavedViewController.swift in Sources */,
				F9F48A792BE268FE003A16E1 /* TimePickerManager.swift in Sources */,
				F9F48A712BE268FE003A16E1 /* CircularProgressBar.swift in Sources */,
			);
			runOnlyForDeploymentPostprocessing = 0;
		};
/* End PBXSourcesBuildPhase section */

/* Begin PBXVariantGroup section */
		F9F48A112BE25D2C003A16E1 /* Main.storyboard */ = {
			isa = PBXVariantGroup;
			children = (
				F9F48A122BE25D2C003A16E1 /* Base */,
			);
			name = Main.storyboard;
			sourceTree = "<group>";
		};
		F9F48A162BE25D2F003A16E1 /* LaunchScreen.storyboard */ = {
			isa = PBXVariantGroup;
			children = (
				F9F48A172BE25D2F003A16E1 /* Base */,
			);
			name = LaunchScreen.storyboard;
			sourceTree = "<group>";
		};
/* End PBXVariantGroup section */

/* Begin XCBuildConfiguration section */
		F9F48A1A2BE25D2F003A16E1 /* Debug */ = {
			isa = XCBuildConfiguration;
			buildSettings = {
				ALWAYS_SEARCH_USER_PATHS = NO;
				ASSETCATALOG_COMPILER_GENERATE_SWIFT_ASSET_SYMBOL_EXTENSIONS = YES;
				CLANG_ANALYZER_NONNULL = YES;
				CLANG_ANALYZER_NUMBER_OBJECT_CONVERSION = YES_AGGRESSIVE;
				CLANG_CXX_LANGUAGE_STANDARD = "gnu++20";
				CLANG_ENABLE_MODULES = YES;
				CLANG_ENABLE_OBJC_ARC = YES;
				CLANG_ENABLE_OBJC_WEAK = YES;
				CLANG_WARN_BLOCK_CAPTURE_AUTORELEASING = YES;
				CLANG_WARN_BOOL_CONVERSION = YES;
				CLANG_WARN_COMMA = YES;
				CLANG_WARN_CONSTANT_CONVERSION = YES;
				CLANG_WARN_DEPRECATED_OBJC_IMPLEMENTATIONS = YES;
				CLANG_WARN_DIRECT_OBJC_ISA_USAGE = YES_ERROR;
				CLANG_WARN_DOCUMENTATION_COMMENTS = YES;
				CLANG_WARN_EMPTY_BODY = YES;
				CLANG_WARN_ENUM_CONVERSION = YES;
				CLANG_WARN_INFINITE_RECURSION = YES;
				CLANG_WARN_INT_CONVERSION = YES;
				CLANG_WARN_NON_LITERAL_NULL_CONVERSION = YES;
				CLANG_WARN_OBJC_IMPLICIT_RETAIN_SELF = YES;
				CLANG_WARN_OBJC_LITERAL_CONVERSION = YES;
				CLANG_WARN_OBJC_ROOT_CLASS = YES_ERROR;
				CLANG_WARN_QUOTED_INCLUDE_IN_FRAMEWORK_HEADER = YES;
				CLANG_WARN_RANGE_LOOP_ANALYSIS = YES;
				CLANG_WARN_STRICT_PROTOTYPES = YES;
				CLANG_WARN_SUSPICIOUS_MOVE = YES;
				CLANG_WARN_UNGUARDED_AVAILABILITY = YES_AGGRESSIVE;
				CLANG_WARN_UNREACHABLE_CODE = YES;
				CLANG_WARN__DUPLICATE_METHOD_MATCH = YES;
				COPY_PHASE_STRIP = NO;
				DEBUG_INFORMATION_FORMAT = dwarf;
				ENABLE_STRICT_OBJC_MSGSEND = YES;
				ENABLE_TESTABILITY = YES;
				ENABLE_USER_SCRIPT_SANDBOXING = YES;
				GCC_C_LANGUAGE_STANDARD = gnu17;
				GCC_DYNAMIC_NO_PIC = NO;
				GCC_NO_COMMON_BLOCKS = YES;
				GCC_OPTIMIZATION_LEVEL = 0;
				GCC_PREPROCESSOR_DEFINITIONS = (
					"DEBUG=1",
					"$(inherited)",
				);
				GCC_WARN_64_TO_32_BIT_CONVERSION = YES;
				GCC_WARN_ABOUT_RETURN_TYPE = YES_ERROR;
				GCC_WARN_UNDECLARED_SELECTOR = YES;
				GCC_WARN_UNINITIALIZED_AUTOS = YES_AGGRESSIVE;
				GCC_WARN_UNUSED_FUNCTION = YES;
				GCC_WARN_UNUSED_VARIABLE = YES;
				IPHONEOS_DEPLOYMENT_TARGET = 17.4;
				LOCALIZATION_PREFERS_STRING_CATALOGS = YES;
				MTL_ENABLE_DEBUG_INFO = INCLUDE_SOURCE;
				MTL_FAST_MATH = YES;
				ONLY_ACTIVE_ARCH = YES;
				SDKROOT = iphoneos;
				SWIFT_ACTIVE_COMPILATION_CONDITIONS = "DEBUG $(inherited)";
				SWIFT_OPTIMIZATION_LEVEL = "-Onone";
			};
			name = Debug;
		};
		F9F48A1B2BE25D2F003A16E1 /* Release */ = {
			isa = XCBuildConfiguration;
			buildSettings = {
				ALWAYS_SEARCH_USER_PATHS = NO;
				ASSETCATALOG_COMPILER_GENERATE_SWIFT_ASSET_SYMBOL_EXTENSIONS = YES;
				CLANG_ANALYZER_NONNULL = YES;
				CLANG_ANALYZER_NUMBER_OBJECT_CONVERSION = YES_AGGRESSIVE;
				CLANG_CXX_LANGUAGE_STANDARD = "gnu++20";
				CLANG_ENABLE_MODULES = YES;
				CLANG_ENABLE_OBJC_ARC = YES;
				CLANG_ENABLE_OBJC_WEAK = YES;
				CLANG_WARN_BLOCK_CAPTURE_AUTORELEASING = YES;
				CLANG_WARN_BOOL_CONVERSION = YES;
				CLANG_WARN_COMMA = YES;
				CLANG_WARN_CONSTANT_CONVERSION = YES;
				CLANG_WARN_DEPRECATED_OBJC_IMPLEMENTATIONS = YES;
				CLANG_WARN_DIRECT_OBJC_ISA_USAGE = YES_ERROR;
				CLANG_WARN_DOCUMENTATION_COMMENTS = YES;
				CLANG_WARN_EMPTY_BODY = YES;
				CLANG_WARN_ENUM_CONVERSION = YES;
				CLANG_WARN_INFINITE_RECURSION = YES;
				CLANG_WARN_INT_CONVERSION = YES;
				CLANG_WARN_NON_LITERAL_NULL_CONVERSION = YES;
				CLANG_WARN_OBJC_IMPLICIT_RETAIN_SELF = YES;
				CLANG_WARN_OBJC_LITERAL_CONVERSION = YES;
				CLANG_WARN_OBJC_ROOT_CLASS = YES_ERROR;
				CLANG_WARN_QUOTED_INCLUDE_IN_FRAMEWORK_HEADER = YES;
				CLANG_WARN_RANGE_LOOP_ANALYSIS = YES;
				CLANG_WARN_STRICT_PROTOTYPES = YES;
				CLANG_WARN_SUSPICIOUS_MOVE = YES;
				CLANG_WARN_UNGUARDED_AVAILABILITY = YES_AGGRESSIVE;
				CLANG_WARN_UNREACHABLE_CODE = YES;
				CLANG_WARN__DUPLICATE_METHOD_MATCH = YES;
				COPY_PHASE_STRIP = NO;
				DEBUG_INFORMATION_FORMAT = "dwarf-with-dsym";
				ENABLE_NS_ASSERTIONS = NO;
				ENABLE_STRICT_OBJC_MSGSEND = YES;
				ENABLE_USER_SCRIPT_SANDBOXING = YES;
				GCC_C_LANGUAGE_STANDARD = gnu17;
				GCC_NO_COMMON_BLOCKS = YES;
				GCC_WARN_64_TO_32_BIT_CONVERSION = YES;
				GCC_WARN_ABOUT_RETURN_TYPE = YES_ERROR;
				GCC_WARN_UNDECLARED_SELECTOR = YES;
				GCC_WARN_UNINITIALIZED_AUTOS = YES_AGGRESSIVE;
				GCC_WARN_UNUSED_FUNCTION = YES;
				GCC_WARN_UNUSED_VARIABLE = YES;
				IPHONEOS_DEPLOYMENT_TARGET = 17.4;
				LOCALIZATION_PREFERS_STRING_CATALOGS = YES;
				MTL_ENABLE_DEBUG_INFO = NO;
				MTL_FAST_MATH = YES;
				SDKROOT = iphoneos;
				SWIFT_COMPILATION_MODE = wholemodule;
				VALIDATE_PRODUCT = YES;
			};
			name = Release;
		};
		F9F48A1D2BE25D2F003A16E1 /* Debug */ = {
			isa = XCBuildConfiguration;
			baseConfigurationReference = D4938FDE64E32A29A90DC1D7 /* Pods-OneLastChance.debug.xcconfig */;
			buildSettings = {
				ASSETCATALOG_COMPILER_APPICON_NAME = AppIcon;
				ASSETCATALOG_COMPILER_GLOBAL_ACCENT_COLOR_NAME = AccentColor;
				CODE_SIGN_STYLE = Automatic;
				CURRENT_PROJECT_VERSION = 1;
				ENABLE_USER_SCRIPT_SANDBOXING = NO;
				GENERATE_INFOPLIST_FILE = YES;
				INFOPLIST_FILE = OneLastChance/Info.plist;
				INFOPLIST_KEY_UIApplicationSupportsIndirectInputEvents = YES;
				INFOPLIST_KEY_UILaunchStoryboardName = LaunchScreen;
				INFOPLIST_KEY_UIMainStoryboardFile = Main;
				INFOPLIST_KEY_UISupportedInterfaceOrientations = UIInterfaceOrientationPortrait;
				IPHONEOS_DEPLOYMENT_TARGET = 15.0;
				LD_RUNPATH_SEARCH_PATHS = (
					"$(inherited)",
					"@executable_path/Frameworks",
				);
				MARKETING_VERSION = 1.0;
				PRODUCT_BUNDLE_IDENTIFIER = com.ios.OneLastChance;
				PRODUCT_NAME = "$(TARGET_NAME)";
				SUPPORTED_PLATFORMS = "iphoneos iphonesimulator";
				SUPPORTS_MACCATALYST = NO;
				SUPPORTS_MAC_DESIGNED_FOR_IPHONE_IPAD = NO;
				SWIFT_EMIT_LOC_STRINGS = YES;
				SWIFT_VERSION = 5.0;
				TARGETED_DEVICE_FAMILY = "1,2";
			};
			name = Debug;
		};
		F9F48A1E2BE25D2F003A16E1 /* Release */ = {
			isa = XCBuildConfiguration;
			baseConfigurationReference = 13954C4757E1968035F49B92 /* Pods-OneLastChance.release.xcconfig */;
			buildSettings = {
				ASSETCATALOG_COMPILER_APPICON_NAME = AppIcon;
				ASSETCATALOG_COMPILER_GLOBAL_ACCENT_COLOR_NAME = AccentColor;
				CODE_SIGN_STYLE = Automatic;
				CURRENT_PROJECT_VERSION = 1;
				ENABLE_USER_SCRIPT_SANDBOXING = NO;
				GENERATE_INFOPLIST_FILE = YES;
				INFOPLIST_FILE = OneLastChance/Info.plist;
				INFOPLIST_KEY_UIApplicationSupportsIndirectInputEvents = YES;
				INFOPLIST_KEY_UILaunchStoryboardName = LaunchScreen;
				INFOPLIST_KEY_UIMainStoryboardFile = Main;
				INFOPLIST_KEY_UISupportedInterfaceOrientations = UIInterfaceOrientationPortrait;
				IPHONEOS_DEPLOYMENT_TARGET = 15.0;
				LD_RUNPATH_SEARCH_PATHS = (
					"$(inherited)",
					"@executable_path/Frameworks",
				);
				MARKETING_VERSION = 1.0;
				PRODUCT_BUNDLE_IDENTIFIER = com.ios.OneLastChance;
				PRODUCT_NAME = "$(TARGET_NAME)";
				SUPPORTED_PLATFORMS = "iphoneos iphonesimulator";
				SUPPORTS_MACCATALYST = NO;
				SUPPORTS_MAC_DESIGNED_FOR_IPHONE_IPAD = NO;
				SWIFT_EMIT_LOC_STRINGS = YES;
				SWIFT_VERSION = 5.0;
				TARGETED_DEVICE_FAMILY = "1,2";
			};
			name = Release;
		};
/* End XCBuildConfiguration section */

/* Begin XCConfigurationList section */
		F9F48A032BE25D2C003A16E1 /* Build configuration list for PBXProject "OneLastChance" */ = {
			isa = XCConfigurationList;
			buildConfigurations = (
				F9F48A1A2BE25D2F003A16E1 /* Debug */,
				F9F48A1B2BE25D2F003A16E1 /* Release */,
			);
			defaultConfigurationIsVisible = 0;
			defaultConfigurationName = Release;
		};
		F9F48A1C2BE25D2F003A16E1 /* Build configuration list for PBXNativeTarget "OneLastChance" */ = {
			isa = XCConfigurationList;
			buildConfigurations = (
				F9F48A1D2BE25D2F003A16E1 /* Debug */,
				F9F48A1E2BE25D2F003A16E1 /* Release */,
			);
			defaultConfigurationIsVisible = 0;
			defaultConfigurationName = Release;
		};
/* End XCConfigurationList section */
	};
	rootObject = F9F48A002BE25D2C003A16E1 /* Project object */;
}
